
Microsoft Visual Studio Solution File, Format Version 12.00
# Visual Studio Version 17
VisualStudioVersion = 17.13.35825.156 d17.13
MinimumVisualStudioVersion = 10.0.40219.1
Project("{FAE04EC0-301F-11D3-BF4B-00C04F79EFBC}") = "DependencyInjectionExample", "DependencyInjectionExample\DependencyInjectionExample.csproj", "{DEE0088A-BA9B-437E-AC3D-E3439D0D7B0D}"
EndProject
Global
	GlobalSection(SolutionConfigurationPlatforms) = preSolution
		Debug|Any CPU = Debug|Any CPU
		Release|Any CPU = Release|Any CPU
	EndGlobalSection
	GlobalSection(ProjectConfigurationPlatforms) = postSolution
		{DEE0088A-BA9B-437E-AC3D-E3439D0D7B0D}.Debug|Any CPU.ActiveCfg = Debug|Any CPU
		{DEE0088A-BA9B-437E-AC3D-E3439D0D7B0D}.Debug|Any CPU.Build.0 = Debug|Any CPU
		{DEE0088A-BA9B-437E-AC3D-E3439D0D7B0D}.Release|Any CPU.ActiveCfg = Release|Any CPU
		{DEE0088A-BA9B-437E-AC3D-E3439D0D7B0D}.Release|Any CPU.Build.0 = Release|Any CPU
	EndGlobalSection
	GlobalSection(SolutionProperties) = preSolution
		HideSolutionNode = FALSE
	EndGlobalSection
	GlobalSection(ExtensibilityGlobals) = postSolution
		SolutionGuid = {831DE4F0-A36E-4799-9377-BC0FCE0432E7}
	EndGlobalSection
EndGlobal
